
Microsoft Visual Studio Solution File, Format Version 12.00
# Visual Studio Version 16
VisualStudioVersion = 16.0.29319.158
MinimumVisualStudioVersion = 10.0.40219.1
Project("{9A19103F-16F7-4668-BE54-9A1E7A4F7556}") = "MonitoramentoInfraProcess", "MonitoramentoInfraProcess.csproj", "{3EDBBA64-4DED-4BEF-BD54-A34495EF6DC1}"
EndProject
Global
	GlobalSection(SolutionConfigurationPlatforms) = preSolution
		Debug|Any CPU = Debug|Any CPU
		Release|Any CPU = Release|Any CPU
	EndGlobalSection
	GlobalSection(ProjectConfigurationPlatforms) = postSolution
		{3EDBBA64-4DED-4BEF-BD54-A34495EF6DC1}.Debug|Any CPU.ActiveCfg = Debug|Any CPU
		{3EDBBA64-4DED-4BEF-BD54-A34495EF6DC1}.Debug|Any CPU.Build.0 = Debug|Any CPU
		{3EDBBA64-4DED-4BEF-BD54-A34495EF6DC1}.Release|Any CPU.ActiveCfg = Release|Any CPU
		{3EDBBA64-4DED-4BEF-BD54-A34495EF6DC1}.Release|Any CPU.Build.0 = Release|Any CPU
	EndGlobalSection
	GlobalSection(SolutionProperties) = preSolution
		HideSolutionNode = FALSE
	EndGlobalSection
	GlobalSection(ExtensibilityGlobals) = postSolution
		SolutionGuid = {99F29E51-D7AA-4C1D-853B-E04974CEDFC6}
	EndGlobalSection
EndGlobal
